{
  "name": "svgenius-cli",
  "version": "1.0.0",
  "lockfileVersion": 3,
  "requires": true,
  "packages": {
    "": {
      "name": "svgenius-cli",
      "version": "1.0.0",
      "license": "ISC",
      "workspaces": [
        "packages/*"
      ],
      "devDependencies": {
        "@types/node": "^24.2.1",
        "typescript": "^5.0.0"
      }
    },
    "node_modules/@svgenius/cli": {
      "resolved": "packages/cli",
      "link": true
    },
    "node_modules/@svgenius/core": {
      "resolved": "packages/core",
      "link": true
    },
    "node_modules/@types/node": {
      "version": "24.2.1",
      "resolved": "https://registry.npmjs.org/@types/node/-/node-24.2.1.tgz",
      "integrity": "sha512-DRh5K+ka5eJic8CjH7td8QpYEV6Zo10gfRkjHCO3weqZHWDtAaSTFtl4+VMqOJ4N5jcuhZ9/l+yy8rVgw7BQeQ==",
      "dev": true,
      "dependencies": {
        "undici-types": "~7.10.0"
      }
    },
    "node_modules/typescript": {
      "version": "5.9.2",
      "resolved": "https://registry.npmjs.org/typescript/-/typescript-5.9.2.tgz",
      "integrity": "sha512-CWBzXQrc/qOkhidw1OzBTQuYRbfyxDXJMVJ1XNwUHGROVmuaeiEm3OslpZ1RV96d7SKKjZKrSJu3+t/xlw3R9A==",
      "dev": true,
      "bin": {
        "tsc": "bin/tsc",
        "tsserver": "bin/tsserver"
      },
      "engines": {
        "node": ">=14.17"
      }
    },
    "node_modules/undici-types": {
      "version": "7.10.0",
      "resolved": "https://registry.npmjs.org/undici-types/-/undici-types-7.10.0.tgz",
      "integrity": "sha512-t5Fy/nfn+14LuOc2KNYg75vZqClpAiqscVvMygNnlsHBFpSXdJaYtXMcdNLpl/Qvc3P2cB3s6lOV51nqsFq4ag==",
      "dev": true
    },
    "packages/cli": {
      "name": "@svgenius/cli",
      "version": "1.0.0",
      "license": "ISC",
      "dependencies": {
        "@svgenius/core": "file:../core",
        "commander": "^14.0.0"
      },
      "bin": {
        "svgenius": "dist/index.js"
      },
      "devDependencies": {
        "@types/node": "^24.2.1",
        "typescript": "^5.0.0"
      }
    },
    "packages/cli/node_modules/commander": {
      "version": "14.0.0",
      "license": "MIT",
      "engines": {
        "node": ">=20"
      }
    },
    "packages/cli/node_modules/fs": {
      "version": "0.0.1-security",
      "extraneous": true,
      "license": "ISC"
    },
    "packages/cli/node_modules/inherits": {
      "version": "2.0.3",
      "extraneous": true,
      "license": "ISC"
    },
    "packages/cli/node_modules/path": {
      "version": "0.12.7",
      "extraneous": true,
      "license": "MIT",
      "dependencies": {
        "process": "^0.11.1",
        "util": "^0.10.3"
      }
    },
    "packages/cli/node_modules/process": {
      "version": "0.11.10",
      "extraneous": true,
      "license": "MIT",
      "engines": {
        "node": ">= 0.6.0"
      }
    },
    "packages/cli/node_modules/util": {
      "version": "0.10.4",
      "extraneous": true,
      "license": "MIT",
      "dependencies": {
        "inherits": "2.0.3"
      }
    },
    "packages/core": {
      "name": "@svgenius/core",
      "version": "1.0.0",
      "license": "ISC",
      "dependencies": {
        "camelcase": "^8.0.0",
        "cheerio": "^1.1.2"
      },
      "devDependencies": {
        "@types/node": "^24.2.1",
        "typescript": "^5.0.0"
      }
    },
    "packages/core/node_modules/boolbase": {
      "version": "1.0.0",
      "license": "ISC"
    },
    "packages/core/node_modules/camelcase": {
      "version": "8.0.0",
      "license": "MIT",
      "engines": {
        "node": ">=16"
      },
      "funding": {
        "url": "https://github.com/sponsors/sindresorhus"
      }
    },
    "packages/core/node_modules/cheerio": {
      "version": "1.1.2",
      "license": "MIT",
      "dependencies": {
        "cheerio-select": "^2.1.0",
        "dom-serializer": "^2.0.0",
        "domhandler": "^5.0.3",
        "domutils": "^3.2.2",
        "encoding-sniffer": "^0.2.1",
        "htmlparser2": "^10.0.0",
        "parse5": "^7.3.0",
        "parse5-htmlparser2-tree-adapter": "^7.1.0",
        "parse5-parser-stream": "^7.1.2",
        "undici": "^7.12.0",
        "whatwg-mimetype": "^4.0.0"
      },
      "engines": {
        "node": ">=20.18.1"
      },
      "funding": {
        "url": "https://github.com/cheeriojs/cheerio?sponsor=1"
      }
    },
    "packages/core/node_modules/cheerio-select": {
      "version": "2.1.0",
      "license": "BSD-2-Clause",
      "dependencies": {
        "boolbase": "^1.0.0",
        "css-select": "^5.1.0",
        "css-what": "^6.1.0",
        "domelementtype": "^2.3.0",
        "domhandler": "^5.0.3",
        "domutils": "^3.0.1"
      },
      "funding": {
        "url": "https://github.com/sponsors/fb55"
      }
    },
    "packages/core/node_modules/css-select": {
      "version": "5.2.2",
      "license": "BSD-2-Clause",
      "dependencies": {
        "boolbase": "^1.0.0",
        "css-what": "^6.1.0",
        "domhandler": "^5.0.2",
        "domutils": "^3.0.1",
        "nth-check": "^2.0.1"
      },
      "funding": {
        "url": "https://github.com/sponsors/fb55"
      }
    },
    "packages/core/node_modules/css-what": {
      "version": "6.2.2",
      "license": "BSD-2-Clause",
      "engines": {
        "node": ">= 6"
      },
      "funding": {
        "url": "https://github.com/sponsors/fb55"
      }
    },
    "packages/core/node_modules/dom-serializer": {
      "version": "2.0.0",
      "license": "MIT",
      "dependencies": {
        "domelementtype": "^2.3.0",
        "domhandler": "^5.0.2",
        "entities": "^4.2.0"
      },
      "funding": {
        "url": "https://github.com/cheeriojs/dom-serializer?sponsor=1"
      }
    },
    "packages/core/node_modules/domelementtype": {
      "version": "2.3.0",
      "funding": [
        {
          "type": "github",
          "url": "https://github.com/sponsors/fb55"
        }
      ],
      "license": "BSD-2-Clause"
    },
    "packages/core/node_modules/domhandler": {
      "version": "5.0.3",
      "license": "BSD-2-Clause",
      "dependencies": {
        "domelementtype": "^2.3.0"
      },
      "engines": {
        "node": ">= 4"
      },
      "funding": {
        "url": "https://github.com/fb55/domhandler?sponsor=1"
      }
    },
    "packages/core/node_modules/domutils": {
      "version": "3.2.2",
      "license": "BSD-2-Clause",
      "dependencies": {
        "dom-serializer": "^2.0.0",
        "domelementtype": "^2.3.0",
        "domhandler": "^5.0.3"
      },
      "funding": {
        "url": "https://github.com/fb55/domutils?sponsor=1"
      }
    },
    "packages/core/node_modules/encoding-sniffer": {
      "version": "0.2.1",
      "license": "MIT",
      "dependencies": {
        "iconv-lite": "^0.6.3",
        "whatwg-encoding": "^3.1.1"
      },
      "funding": {
        "url": "https://github.com/fb55/encoding-sniffer?sponsor=1"
      }
    },
    "packages/core/node_modules/entities": {
      "version": "4.5.0",
      "license": "BSD-2-Clause",
      "engines": {
        "node": ">=0.12"
      },
      "funding": {
        "url": "https://github.com/fb55/entities?sponsor=1"
      }
    },
    "packages/core/node_modules/fs": {
      "version": "0.0.1-security",
      "extraneous": true,
      "license": "ISC"
    },
    "packages/core/node_modules/htmlparser2": {
      "version": "10.0.0",
      "funding": [
        "https://github.com/fb55/htmlparser2?sponsor=1",
        {
          "type": "github",
          "url": "https://github.com/sponsors/fb55"
        }
      ],
      "license": "MIT",
      "dependencies": {
        "domelementtype": "^2.3.0",
        "domhandler": "^5.0.3",
        "domutils": "^3.2.1",
        "entities": "^6.0.0"
      }
    },
    "packages/core/node_modules/htmlparser2/node_modules/entities": {
      "version": "6.0.1",
      "license": "BSD-2-Clause",
      "engines": {
        "node": ">=0.12"
      },
      "funding": {
        "url": "https://github.com/fb55/entities?sponsor=1"
      }
    },
    "packages/core/node_modules/iconv-lite": {
      "version": "0.6.3",
      "license": "MIT",
      "dependencies": {
        "safer-buffer": ">= 2.1.2 < 3.0.0"
      },
      "engines": {
        "node": ">=0.10.0"
      }
    },
    "packages/core/node_modules/inherits": {
      "version": "2.0.3",
      "extraneous": true,
      "license": "ISC"
    },
    "packages/core/node_modules/nth-check": {
      "version": "2.1.1",
      "license": "BSD-2-Clause",
      "dependencies": {
        "boolbase": "^1.0.0"
      },
      "funding": {
        "url": "https://github.com/fb55/nth-check?sponsor=1"
      }
    },
    "packages/core/node_modules/parse5": {
      "version": "7.3.0",
      "license": "MIT",
      "dependencies": {
        "entities": "^6.0.0"
      },
      "funding": {
        "url": "https://github.com/inikulin/parse5?sponsor=1"
      }
    },
    "packages/core/node_modules/parse5-htmlparser2-tree-adapter": {
      "version": "7.1.0",
      "license": "MIT",
      "dependencies": {
        "domhandler": "^5.0.3",
        "parse5": "^7.0.0"
      },
      "funding": {
        "url": "https://github.com/inikulin/parse5?sponsor=1"
      }
    },
    "packages/core/node_modules/parse5-parser-stream": {
      "version": "7.1.2",
      "license": "MIT",
      "dependencies": {
        "parse5": "^7.0.0"
      },
      "funding": {
        "url": "https://github.com/inikulin/parse5?sponsor=1"
      }
    },
    "packages/core/node_modules/parse5/node_modules/entities": {
      "version": "6.0.1",
      "license": "BSD-2-Clause",
      "engines": {
        "node": ">=0.12"
      },
      "funding": {
        "url": "https://github.com/fb55/entities?sponsor=1"
      }
    },
    "packages/core/node_modules/path": {
      "version": "0.12.7",
      "extraneous": true,
      "license": "MIT",
      "dependencies": {
        "process": "^0.11.1",
        "util": "^0.10.3"
      }
    },
    "packages/core/node_modules/process": {
      "version": "0.11.10",
      "extraneous": true,
      "license": "MIT",
      "engines": {
        "node": ">= 0.6.0"
      }
    },
    "packages/core/node_modules/safer-buffer": {
      "version": "2.1.2",
      "license": "MIT"
    },
    "packages/core/node_modules/undici": {
      "version": "7.13.0",
      "license": "MIT",
      "engines": {
        "node": ">=20.18.1"
      }
    },
    "packages/core/node_modules/util": {
      "version": "0.10.4",
      "extraneous": true,
      "license": "MIT",
      "dependencies": {
        "inherits": "2.0.3"
      }
    },
    "packages/core/node_modules/whatwg-encoding": {
      "version": "3.1.1",
      "license": "MIT",
      "dependencies": {
        "iconv-lite": "0.6.3"
      },
      "engines": {
        "node": ">=18"
      }
    },
    "packages/core/node_modules/whatwg-mimetype": {
      "version": "4.0.0",
      "license": "MIT",
      "engines": {
        "node": ">=18"
      }
    }
  }
}
